
Microsoft Visual Studio Solution File, Format Version 12.00
# Visual Studio Version 17
VisualStudioVersion = 17.10.35027.167
MinimumVisualStudioVersion = 10.0.40219.1
Project("{FAE04EC0-301F-11D3-BF4B-00C04F79EFBC}") = "CSharpWindows", "CSharpWindows\CSharpWindows.csproj", "{EFDA206B-C83D-49AB-A213-E1D34A46D44F}"
EndProject
Project("{FAE04EC0-301F-11D3-BF4B-00C04F79EFBC}") = "CSharpMac", "CSharpMac\CSharpMac.csproj", "{DEF10619-48F7-4B87-86F0-516B93FCDE32}"
EndProject
Project("{FAE04EC0-301F-11D3-BF4B-00C04F79EFBC}") = "CSharpMacTests", "CSharpMacTests\CSharpMacTests.csproj", "{EDCD1F40-B1A5-4434-A7A4-A15398F75CCF}"
EndProject
Project("{FAE04EC0-301F-11D3-BF4B-00C04F79EFBC}") = "TimeManagement", "TimeManagement\TimeManagement.csproj", "{D0117910-3CD2-4128-980D-1C4C9350B4E6}"
EndProject
Global
	GlobalSection(SolutionConfigurationPlatforms) = preSolution
		Debug|Any CPU = Debug|Any CPU
		Release|Any CPU = Release|Any CPU
	EndGlobalSection
	GlobalSection(ProjectConfigurationPlatforms) = postSolution
		{EFDA206B-C83D-49AB-A213-E1D34A46D44F}.Debug|Any CPU.ActiveCfg = Debug|Any CPU
		{EFDA206B-C83D-49AB-A213-E1D34A46D44F}.Debug|Any CPU.Build.0 = Debug|Any CPU
		{EFDA206B-C83D-49AB-A213-E1D34A46D44F}.Release|Any CPU.ActiveCfg = Release|Any CPU
		{EFDA206B-C83D-49AB-A213-E1D34A46D44F}.Release|Any CPU.Build.0 = Release|Any CPU
		{DEF10619-48F7-4B87-86F0-516B93FCDE32}.Debug|Any CPU.ActiveCfg = Debug|Any CPU
		{DEF10619-48F7-4B87-86F0-516B93FCDE32}.Debug|Any CPU.Build.0 = Debug|Any CPU
		{DEF10619-48F7-4B87-86F0-516B93FCDE32}.Release|Any CPU.ActiveCfg = Release|Any CPU
		{DEF10619-48F7-4B87-86F0-516B93FCDE32}.Release|Any CPU.Build.0 = Release|Any CPU
		{EDCD1F40-B1A5-4434-A7A4-A15398F75CCF}.Debug|Any CPU.ActiveCfg = Debug|Any CPU
		{EDCD1F40-B1A5-4434-A7A4-A15398F75CCF}.Debug|Any CPU.Build.0 = Debug|Any CPU
		{EDCD1F40-B1A5-4434-A7A4-A15398F75CCF}.Release|Any CPU.ActiveCfg = Release|Any CPU
		{EDCD1F40-B1A5-4434-A7A4-A15398F75CCF}.Release|Any CPU.Build.0 = Release|Any CPU
		{D0117910-3CD2-4128-980D-1C4C9350B4E6}.Debug|Any CPU.ActiveCfg = Debug|Any CPU
		{D0117910-3CD2-4128-980D-1C4C9350B4E6}.Debug|Any CPU.Build.0 = Debug|Any CPU
		{D0117910-3CD2-4128-980D-1C4C9350B4E6}.Release|Any CPU.ActiveCfg = Release|Any CPU
		{D0117910-3CD2-4128-980D-1C4C9350B4E6}.Release|Any CPU.Build.0 = Release|Any CPU
	EndGlobalSection
	GlobalSection(SolutionProperties) = preSolution
		HideSolutionNode = FALSE
	EndGlobalSection
	GlobalSection(ExtensibilityGlobals) = postSolution
		SolutionGuid = {F7387E87-B04E-491C-9CFA-4A6FBBE10CE2}
	EndGlobalSection
EndGlobal
